
Microsoft Visual Studio Solution File, Format Version 12.00
# Visual Studio Version 16
VisualStudioVersion = 16.0.30104.148
MinimumVisualStudioVersion = 10.0.40219.1
Project("{FAE04EC0-301F-11D3-BF4B-00C04F79EFBC}") = "MNGDraw.UWP", "MNGDraw\MNGDraw.UWP\MNGDraw.UWP.csproj", "{C40E0F02-D285-4EA6-A3B6-0C2FA079F77F}"
EndProject
Project("{FAE04EC0-301F-11D3-BF4B-00C04F79EFBC}") = "MNGDraw.Android", "MNGDraw\MNGDraw.Android\MNGDraw.Android.csproj", "{EF489A05-3B7B-43FD-A19A-620561FEE255}"
EndProject
Project("{FAE04EC0-301F-11D3-BF4B-00C04F79EFBC}") = "MNGDraw.iOS", "MNGDraw\MNGDraw.iOS\MNGDraw.iOS.csproj", "{8251BE56-D1D5-4FF8-A9F9-F89380501D16}"
EndProject
Project("{FAE04EC0-301F-11D3-BF4B-00C04F79EFBC}") = "MNGDraw", "MNGDraw\MNGDraw\MNGDraw.csproj", "{A143F7D5-EB01-45B4-92EE-D49F6D1A08EB}"
EndProject
Global
	GlobalSection(SolutionConfigurationPlatforms) = preSolution
		Debug|Any CPU = Debug|Any CPU
		Debug|ARM = Debug|ARM
		Debug|iPhone = Debug|iPhone
		Debug|iPhoneSimulator = Debug|iPhoneSimulator
		Debug|x64 = Debug|x64
		Debug|x86 = Debug|x86
		Release|Any CPU = Release|Any CPU
		Release|ARM = Release|ARM
		Release|iPhone = Release|iPhone
		Release|iPhoneSimulator = Release|iPhoneSimulator
		Release|x64 = Release|x64
		Release|x86 = Release|x86
	EndGlobalSection
	GlobalSection(ProjectConfigurationPlatforms) = postSolution
		{C40E0F02-D285-4EA6-A3B6-0C2FA079F77F}.Debug|Any CPU.ActiveCfg = Debug|x86
		{C40E0F02-D285-4EA6-A3B6-0C2FA079F77F}.Debug|Any CPU.Build.0 = Debug|x86
		{C40E0F02-D285-4EA6-A3B6-0C2FA079F77F}.Debug|Any CPU.Deploy.0 = Debug|x86
		{C40E0F02-D285-4EA6-A3B6-0C2FA079F77F}.Debug|ARM.ActiveCfg = Debug|ARM
		{C40E0F02-D285-4EA6-A3B6-0C2FA079F77F}.Debug|ARM.Build.0 = Debug|ARM
		{C40E0F02-D285-4EA6-A3B6-0C2FA079F77F}.Debug|ARM.Deploy.0 = Debug|ARM
		{C40E0F02-D285-4EA6-A3B6-0C2FA079F77F}.Debug|iPhone.ActiveCfg = Debug|x86
		{C40E0F02-D285-4EA6-A3B6-0C2FA079F77F}.Debug|iPhone.Build.0 = Debug|x86
		{C40E0F02-D285-4EA6-A3B6-0C2FA079F77F}.Debug|iPhone.Deploy.0 = Debug|x86
		{C40E0F02-D285-4EA6-A3B6-0C2FA079F77F}.Debug|iPhoneSimulator.ActiveCfg = Debug|x86
		{C40E0F02-D285-4EA6-A3B6-0C2FA079F77F}.Debug|iPhoneSimulator.Build.0 = Debug|x86
		{C40E0F02-D285-4EA6-A3B6-0C2FA079F77F}.Debug|iPhoneSimulator.Deploy.0 = Debug|x86
		{C40E0F02-D285-4EA6-A3B6-0C2FA079F77F}.Debug|x64.ActiveCfg = Debug|x64
		{C40E0F02-D285-4EA6-A3B6-0C2FA079F77F}.Debug|x64.Build.0 = Debug|x64
		{C40E0F02-D285-4EA6-A3B6-0C2FA079F77F}.Debug|x64.Deploy.0 = Debug|x64
		{C40E0F02-D285-4EA6-A3B6-0C2FA079F77F}.Debug|x86.ActiveCfg = Debug|x86
		{C40E0F02-D285-4EA6-A3B6-0C2FA079F77F}.Debug|x86.Build.0 = Debug|x86
		{C40E0F02-D285-4EA6-A3B6-0C2FA079F77F}.Debug|x86.Deploy.0 = Debug|x86
		{C40E0F02-D285-4EA6-A3B6-0C2FA079F77F}.Release|Any CPU.ActiveCfg = Release|x86
		{C40E0F02-D285-4EA6-A3B6-0C2FA079F77F}.Release|Any CPU.Build.0 = Release|x86
		{C40E0F02-D285-4EA6-A3B6-0C2FA079F77F}.Release|Any CPU.Deploy.0 = Release|x86
		{C40E0F02-D285-4EA6-A3B6-0C2FA079F77F}.Release|ARM.ActiveCfg = Release|ARM
		{C40E0F02-D285-4EA6-A3B6-0C2FA079F77F}.Release|ARM.Build.0 = Release|ARM
		{C40E0F02-D285-4EA6-A3B6-0C2FA079F77F}.Release|ARM.Deploy.0 = Release|ARM
		{C40E0F02-D285-4EA6-A3B6-0C2FA079F77F}.Release|iPhone.ActiveCfg = Release|x86
		{C40E0F02-D285-4EA6-A3B6-0C2FA079F77F}.Release|iPhone.Build.0 = Release|x86
		{C40E0F02-D285-4EA6-A3B6-0C2FA079F77F}.Release|iPhone.Deploy.0 = Release|x86
		{C40E0F02-D285-4EA6-A3B6-0C2FA079F77F}.Release|iPhoneSimulator.ActiveCfg = Release|x86
		{C40E0F02-D285-4EA6-A3B6-0C2FA079F77F}.Release|iPhoneSimulator.Build.0 = Release|x86
		{C40E0F02-D285-4EA6-A3B6-0C2FA079F77F}.Release|iPhoneSimulator.Deploy.0 = Release|x86
		{C40E0F02-D285-4EA6-A3B6-0C2FA079F77F}.Release|x64.ActiveCfg = Release|x64
		{C40E0F02-D285-4EA6-A3B6-0C2FA079F77F}.Release|x64.Build.0 = Release|x64
		{C40E0F02-D285-4EA6-A3B6-0C2FA079F77F}.Release|x64.Deploy.0 = Release|x64
		{C40E0F02-D285-4EA6-A3B6-0C2FA079F77F}.Release|x86.ActiveCfg = Release|x86
		{C40E0F02-D285-4EA6-A3B6-0C2FA079F77F}.Release|x86.Build.0 = Release|x86
		{C40E0F02-D285-4EA6-A3B6-0C2FA079F77F}.Release|x86.Deploy.0 = Release|x86
		{EF489A05-3B7B-43FD-A19A-620561FEE255}.Debug|Any CPU.ActiveCfg = Debug|Any CPU
		{EF489A05-3B7B-43FD-A19A-620561FEE255}.Debug|Any CPU.Build.0 = Debug|Any CPU
		{EF489A05-3B7B-43FD-A19A-620561FEE255}.Debug|Any CPU.Deploy.0 = Debug|Any CPU
		{EF489A05-3B7B-43FD-A19A-620561FEE255}.Debug|ARM.ActiveCfg = Debug|Any CPU
		{EF489A05-3B7B-43FD-A19A-620561FEE255}.Debug|ARM.Build.0 = Debug|Any CPU
		{EF489A05-3B7B-43FD-A19A-620561FEE255}.Debug|ARM.Deploy.0 = Debug|Any CPU
		{EF489A05-3B7B-43FD-A19A-620561FEE255}.Debug|iPhone.ActiveCfg = Debug|Any CPU
		{EF489A05-3B7B-43FD-A19A-620561FEE255}.Debug|iPhone.Build.0 = Debug|Any CPU
		{EF489A05-3B7B-43FD-A19A-620561FEE255}.Debug|iPhone.Deploy.0 = Debug|Any CPU
		{EF489A05-3B7B-43FD-A19A-620561FEE255}.Debug|iPhoneSimulator.ActiveCfg = Debug|Any CPU
		{EF489A05-3B7B-43FD-A19A-620561FEE255}.Debug|iPhoneSimulator.Build.0 = Debug|Any CPU
		{EF489A05-3B7B-43FD-A19A-620561FEE255}.Debug|iPhoneSimulator.Deploy.0 = Debug|Any CPU
		{EF489A05-3B7B-43FD-A19A-620561FEE255}.Debug|x64.ActiveCfg = Debug|Any CPU
		{EF489A05-3B7B-43FD-A19A-620561FEE255}.Debug|x64.Build.0 = Debug|Any CPU
		{EF489A05-3B7B-43FD-A19A-620561FEE255}.Debug|x64.Deploy.0 = Debug|Any CPU
		{EF489A05-3B7B-43FD-A19A-620561FEE255}.Debug|x86.ActiveCfg = Debug|Any CPU
		{EF489A05-3B7B-43FD-A19A-620561FEE255}.Debug|x86.Build.0 = Debug|Any CPU
		{EF489A05-3B7B-43FD-A19A-620561FEE255}.Debug|x86.Deploy.0 = Debug|Any CPU
		{EF489A05-3B7B-43FD-A19A-620561FEE255}.Release|Any CPU.ActiveCfg = Release|Any CPU
		{EF489A05-3B7B-43FD-A19A-620561FEE255}.Release|Any CPU.Build.0 = Release|Any CPU
		{EF489A05-3B7B-43FD-A19A-620561FEE255}.Release|Any CPU.Deploy.0 = Release|Any CPU
		{EF489A05-3B7B-43FD-A19A-620561FEE255}.Release|ARM.ActiveCfg = Release|Any CPU
		{EF489A05-3B7B-43FD-A19A-620561FEE255}.Release|ARM.Build.0 = Release|Any CPU
		{EF489A05-3B7B-43FD-A19A-620561FEE255}.Release|ARM.Deploy.0 = Release|Any CPU
		{EF489A05-3B7B-43FD-A19A-620561FEE255}.Release|iPhone.ActiveCfg = Release|Any CPU
		{EF489A05-3B7B-43FD-A19A-620561FEE255}.Release|iPhone.Build.0 = Release|Any CPU
		{EF489A05-3B7B-43FD-A19A-620561FEE255}.Release|iPhone.Deploy.0 = Release|Any CPU
		{EF489A05-3B7B-43FD-A19A-620561FEE255}.Release|iPhoneSimulator.ActiveCfg = Release|Any CPU
		{EF489A05-3B7B-43FD-A19A-620561FEE255}.Release|iPhoneSimulator.Build.0 = Release|Any CPU
		{EF489A05-3B7B-43FD-A19A-620561FEE255}.Release|iPhoneSimulator.Deploy.0 = Release|Any CPU
		{EF489A05-3B7B-43FD-A19A-620561FEE255}.Release|x64.ActiveCfg = Release|Any CPU
		{EF489A05-3B7B-43FD-A19A-620561FEE255}.Release|x64.Build.0 = Release|Any CPU
		{EF489A05-3B7B-43FD-A19A-620561FEE255}.Release|x64.Deploy.0 = Release|Any CPU
		{EF489A05-3B7B-43FD-A19A-620561FEE255}.Release|x86.ActiveCfg = Release|Any CPU
		{EF489A05-3B7B-43FD-A19A-620561FEE255}.Release|x86.Build.0 = Release|Any CPU
		{EF489A05-3B7B-43FD-A19A-620561FEE255}.Release|x86.Deploy.0 = Release|Any CPU
		{8251BE56-D1D5-4FF8-A9F9-F89380501D16}.Debug|Any CPU.ActiveCfg = Debug|iPhone
		{8251BE56-D1D5-4FF8-A9F9-F89380501D16}.Debug|Any CPU.Build.0 = Debug|iPhone
		{8251BE56-D1D5-4FF8-A9F9-F89380501D16}.Debug|Any CPU.Deploy.0 = Debug|iPhone
		{8251BE56-D1D5-4FF8-A9F9-F89380501D16}.Debug|ARM.ActiveCfg = Debug|iPhone
		{8251BE56-D1D5-4FF8-A9F9-F89380501D16}.Debug|ARM.Build.0 = Debug|iPhone
		{8251BE56-D1D5-4FF8-A9F9-F89380501D16}.Debug|ARM.Deploy.0 = Debug|iPhone
		{8251BE56-D1D5-4FF8-A9F9-F89380501D16}.Debug|iPhone.ActiveCfg = Debug|iPhone
		{8251BE56-D1D5-4FF8-A9F9-F89380501D16}.Debug|iPhone.Build.0 = Debug|iPhone
		{8251BE56-D1D5-4FF8-A9F9-F89380501D16}.Debug|iPhone.Deploy.0 = Debug|iPhone
		{8251BE56-D1D5-4FF8-A9F9-F89380501D16}.Debug|iPhoneSimulator.ActiveCfg = Debug|iPhoneSimulator
		{8251BE56-D1D5-4FF8-A9F9-F89380501D16}.Debug|iPhoneSimulator.Build.0 = Debug|iPhoneSimulator
		{8251BE56-D1D5-4FF8-A9F9-F89380501D16}.Debug|iPhoneSimulator.Deploy.0 = Debug|iPhoneSimulator
		{8251BE56-D1D5-4FF8-A9F9-F89380501D16}.Debug|x64.ActiveCfg = Debug|iPhone
		{8251BE56-D1D5-4FF8-A9F9-F89380501D16}.Debug|x64.Build.0 = Debug|iPhone
		{8251BE56-D1D5-4FF8-A9F9-F89380501D16}.Debug|x64.Deploy.0 = Debug|iPhone
		{8251BE56-D1D5-4FF8-A9F9-F89380501D16}.Debug|x86.ActiveCfg = Debug|iPhone
		{8251BE56-D1D5-4FF8-A9F9-F89380501D16}.Debug|x86.Build.0 = Debug|iPhone
		{8251BE56-D1D5-4FF8-A9F9-F89380501D16}.Debug|x86.Deploy.0 = Debug|iPhone
		{8251BE56-D1D5-4FF8-A9F9-F89380501D16}.Release|Any CPU.ActiveCfg = Release|iPhone
		{8251BE56-D1D5-4FF8-A9F9-F89380501D16}.Release|Any CPU.Build.0 = Release|iPhone
		{8251BE56-D1D5-4FF8-A9F9-F89380501D16}.Release|Any CPU.Deploy.0 = Release|iPhone
		{8251BE56-D1D5-4FF8-A9F9-F89380501D16}.Release|ARM.ActiveCfg = Release|iPhone
		{8251BE56-D1D5-4FF8-A9F9-F89380501D16}.Release|ARM.Build.0 = Release|iPhone
		{8251BE56-D1D5-4FF8-A9F9-F89380501D16}.Release|ARM.Deploy.0 = Release|iPhone
		{8251BE56-D1D5-4FF8-A9F9-F89380501D16}.Release|iPhone.ActiveCfg = Release|iPhone
		{8251BE56-D1D5-4FF8-A9F9-F89380501D16}.Release|iPhone.Build.0 = Release|iPhone
		{8251BE56-D1D5-4FF8-A9F9-F89380501D16}.Release|iPhone.Deploy.0 = Release|iPhone
		{8251BE56-D1D5-4FF8-A9F9-F89380501D16}.Release|iPhoneSimulator.ActiveCfg = Release|iPhoneSimulator
		{8251BE56-D1D5-4FF8-A9F9-F89380501D16}.Release|iPhoneSimulator.Build.0 = Release|iPhoneSimulator
		{8251BE56-D1D5-4FF8-A9F9-F89380501D16}.Release|iPhoneSimulator.Deploy.0 = Release|iPhoneSimulator
		{8251BE56-D1D5-4FF8-A9F9-F89380501D16}.Release|x64.ActiveCfg = Release|iPhone
		{8251BE56-D1D5-4FF8-A9F9-F89380501D16}.Release|x64.Build.0 = Release|iPhone
		{8251BE56-D1D5-4FF8-A9F9-F89380501D16}.Release|x64.Deploy.0 = Release|iPhone
		{8251BE56-D1D5-4FF8-A9F9-F89380501D16}.Release|x86.ActiveCfg = Release|iPhone
		{8251BE56-D1D5-4FF8-A9F9-F89380501D16}.Release|x86.Build.0 = Release|iPhone
		{8251BE56-D1D5-4FF8-A9F9-F89380501D16}.Release|x86.Deploy.0 = Release|iPhone
		{A143F7D5-EB01-45B4-92EE-D49F6D1A08EB}.Debug|Any CPU.ActiveCfg = Debug|Any CPU
		{A143F7D5-EB01-45B4-92EE-D49F6D1A08EB}.Debug|Any CPU.Build.0 = Debug|Any CPU
		{A143F7D5-EB01-45B4-92EE-D49F6D1A08EB}.Debug|Any CPU.Deploy.0 = Debug|Any CPU
		{A143F7D5-EB01-45B4-92EE-D49F6D1A08EB}.Debug|ARM.ActiveCfg = Debug|Any CPU
		{A143F7D5-EB01-45B4-92EE-D49F6D1A08EB}.Debug|ARM.Build.0 = Debug|Any CPU
		{A143F7D5-EB01-45B4-92EE-D49F6D1A08EB}.Debug|ARM.Deploy.0 = Debug|Any CPU
		{A143F7D5-EB01-45B4-92EE-D49F6D1A08EB}.Debug|iPhone.ActiveCfg = Debug|Any CPU
		{A143F7D5-EB01-45B4-92EE-D49F6D1A08EB}.Debug|iPhone.Build.0 = Debug|Any CPU
		{A143F7D5-EB01-45B4-92EE-D49F6D1A08EB}.Debug|iPhone.Deploy.0 = Debug|Any CPU
		{A143F7D5-EB01-45B4-92EE-D49F6D1A08EB}.Debug|iPhoneSimulator.ActiveCfg = Debug|Any CPU
		{A143F7D5-EB01-45B4-92EE-D49F6D1A08EB}.Debug|iPhoneSimulator.Build.0 = Debug|Any CPU
		{A143F7D5-EB01-45B4-92EE-D49F6D1A08EB}.Debug|iPhoneSimulator.Deploy.0 = Debug|Any CPU
		{A143F7D5-EB01-45B4-92EE-D49F6D1A08EB}.Debug|x64.ActiveCfg = Debug|Any CPU
		{A143F7D5-EB01-45B4-92EE-D49F6D1A08EB}.Debug|x64.Build.0 = Debug|Any CPU
		{A143F7D5-EB01-45B4-92EE-D49F6D1A08EB}.Debug|x64.Deploy.0 = Debug|Any CPU
		{A143F7D5-EB01-45B4-92EE-D49F6D1A08EB}.Debug|x86.ActiveCfg = Debug|Any CPU
		{A143F7D5-EB01-45B4-92EE-D49F6D1A08EB}.Debug|x86.Build.0 = Debug|Any CPU
		{A143F7D5-EB01-45B4-92EE-D49F6D1A08EB}.Debug|x86.Deploy.0 = Debug|Any CPU
		{A143F7D5-EB01-45B4-92EE-D49F6D1A08EB}.Release|Any CPU.ActiveCfg = Release|Any CPU
		{A143F7D5-EB01-45B4-92EE-D49F6D1A08EB}.Release|Any CPU.Build.0 = Release|Any CPU
		{A143F7D5-EB01-45B4-92EE-D49F6D1A08EB}.Release|Any CPU.Deploy.0 = Release|Any CPU
		{A143F7D5-EB01-45B4-92EE-D49F6D1A08EB}.Release|ARM.ActiveCfg = Release|Any CPU
		{A143F7D5-EB01-45B4-92EE-D49F6D1A08EB}.Release|ARM.Build.0 = Release|Any CPU
		{A143F7D5-EB01-45B4-92EE-D49F6D1A08EB}.Release|ARM.Deploy.0 = Release|Any CPU
		{A143F7D5-EB01-45B4-92EE-D49F6D1A08EB}.Release|iPhone.ActiveCfg = Release|Any CPU
		{A143F7D5-EB01-45B4-92EE-D49F6D1A08EB}.Release|iPhone.Build.0 = Release|Any CPU
		{A143F7D5-EB01-45B4-92EE-D49F6D1A08EB}.Release|iPhone.Deploy.0 = Release|Any CPU
		{A143F7D5-EB01-45B4-92EE-D49F6D1A08EB}.Release|iPhoneSimulator.ActiveCfg = Release|Any CPU
		{A143F7D5-EB01-45B4-92EE-D49F6D1A08EB}.Release|iPhoneSimulator.Build.0 = Release|Any CPU
		{A143F7D5-EB01-45B4-92EE-D49F6D1A08EB}.Release|iPhoneSimulator.Deploy.0 = Release|Any CPU
		{A143F7D5-EB01-45B4-92EE-D49F6D1A08EB}.Release|x64.ActiveCfg = Release|Any CPU
		{A143F7D5-EB01-45B4-92EE-D49F6D1A08EB}.Release|x64.Build.0 = Release|Any CPU
		{A143F7D5-EB01-45B4-92EE-D49F6D1A08EB}.Release|x64.Deploy.0 = Release|Any CPU
		{A143F7D5-EB01-45B4-92EE-D49F6D1A08EB}.Release|x86.ActiveCfg = Release|Any CPU
		{A143F7D5-EB01-45B4-92EE-D49F6D1A08EB}.Release|x86.Build.0 = Release|Any CPU
		{A143F7D5-EB01-45B4-92EE-D49F6D1A08EB}.Release|x86.Deploy.0 = Release|Any CPU
	EndGlobalSection
	GlobalSection(SolutionProperties) = preSolution
		HideSolutionNode = FALSE
	EndGlobalSection
	GlobalSection(ExtensibilityGlobals) = postSolution
		SolutionGuid = {3260223B-5AB4-4803-A2E1-13F24822FDB8}
	EndGlobalSection
EndGlobal
